
Microsoft Visual Studio Solution File, Format Version 12.00
# Visual Studio 15
VisualStudioVersion = 15.0.27428.2002
MinimumVisualStudioVersion = 10.0.40219.1
Project("{FAE04EC0-301F-11D3-BF4B-00C04F79EFBC}") = "Updated Financial Manager UI", "Updated Financial Manager UI\Updated Financial Manager UI.csproj", "{5B634CE8-D852-4C7A-9A5A-0E3280A67B88}"
EndProject
Project("{FAE04EC0-301F-11D3-BF4B-00C04F79EFBC}") = "ExpenseLibrary", "ExpenseLibrary\ExpenseLibrary.csproj", "{14286059-93AE-4685-993B-34A34A4711FF}"
EndProject
Global
	GlobalSection(SolutionConfigurationPlatforms) = preSolution
		Debug|Any CPU = Debug|Any CPU
		Release|Any CPU = Release|Any CPU
	EndGlobalSection
	GlobalSection(ProjectConfigurationPlatforms) = postSolution
		{5B634CE8-D852-4C7A-9A5A-0E3280A67B88}.Debug|Any CPU.ActiveCfg = Debug|Any CPU
		{5B634CE8-D852-4C7A-9A5A-0E3280A67B88}.Debug|Any CPU.Build.0 = Debug|Any CPU
		{5B634CE8-D852-4C7A-9A5A-0E3280A67B88}.Release|Any CPU.ActiveCfg = Release|Any CPU
		{5B634CE8-D852-4C7A-9A5A-0E3280A67B88}.Release|Any CPU.Build.0 = Release|Any CPU
		{14286059-93AE-4685-993B-34A34A4711FF}.Debug|Any CPU.ActiveCfg = Debug|Any CPU
		{14286059-93AE-4685-993B-34A34A4711FF}.Debug|Any CPU.Build.0 = Debug|Any CPU
		{14286059-93AE-4685-993B-34A34A4711FF}.Release|Any CPU.ActiveCfg = Release|Any CPU
		{14286059-93AE-4685-993B-34A34A4711FF}.Release|Any CPU.Build.0 = Release|Any CPU
	EndGlobalSection
	GlobalSection(SolutionProperties) = preSolution
		HideSolutionNode = FALSE
	EndGlobalSection
	GlobalSection(ExtensibilityGlobals) = postSolution
		SolutionGuid = {B905FBD3-52BB-4B08-B7CA-C3586AE16736}
	EndGlobalSection
EndGlobal
